Microsoft Visual Studio Solution File, Format Version 12.00
# Visual Studio Version 17
VisualStudioVersion = 17.5.2.0
MinimumVisualStudioVersion = 10.0.40219.1
Project("{2150E333-8FDC-42A3-9474-1A3956D46DE8}") = "PGenerated", "PGenerated", "{443B5CD4-4684-FDFD-DD84-66B4F7C94000}"
EndProject
Project("{FAE04EC0-301F-11D3-BF4B-00C04F79EFBC}") = "dining_philo", "PGenerated\CSharp\dining_philo.csproj", "{785EF9F9-71F8-0869-43A7-ED096E870585}"
EndProject
Global
	GlobalSection(SolutionConfigurationPlatforms) = preSolution
		Debug|Any CPU = Debug|Any CPU
		Release|Any CPU = Release|Any CPU
	EndGlobalSection
	GlobalSection(ProjectConfigurationPlatforms) = postSolution
		{785EF9F9-71F8-0869-43A7-ED096E870585}.Debug|Any CPU.ActiveCfg = Debug|Any CPU
		{785EF9F9-71F8-0869-43A7-ED096E870585}.Debug|Any CPU.Build.0 = Debug|Any CPU
		{785EF9F9-71F8-0869-43A7-ED096E870585}.Release|Any CPU.ActiveCfg = Release|Any CPU
		{785EF9F9-71F8-0869-43A7-ED096E870585}.Release|Any CPU.Build.0 = Release|Any CPU
	EndGlobalSection
	GlobalSection(SolutionProperties) = preSolution
		HideSolutionNode = FALSE
	EndGlobalSection
	GlobalSection(NestedProjects) = preSolution
		{785EF9F9-71F8-0869-43A7-ED096E870585} = {443B5CD4-4684-FDFD-DD84-66B4F7C94000}
	EndGlobalSection
	GlobalSection(ExtensibilityGlobals) = postSolution
		SolutionGuid = {C01951A8-E67F-43B5-91DF-81109E97DC05}
	EndGlobalSection
EndGlobal
